
Microsoft Visual Studio Solution File, Format Version 12.00
# Visual Studio Version 17
VisualStudioVersion = 17.5.002.0
MinimumVisualStudioVersion = 10.0.40219.1
Project("{9A19103F-16F7-4668-BE54-9A1E7A4F7556}") = "Task1", "Task1\Task1.csproj", "{239A5C06-FE69-4B9D-AAB3-F31CC3FB084B}"
EndProject
Project("{9A19103F-16F7-4668-BE54-9A1E7A4F7556}") = "Task2", "Task2\Task2.csproj", "{F63F4AFC-DAA0-4A8B-A577-70C934EF4EF5}"
EndProject
Project("{9A19103F-16F7-4668-BE54-9A1E7A4F7556}") = "Task3", "Task3\Task3.csproj", "{52C57E5D-7E2A-42F5-8133-AFA855EDA947}"
EndProject
Project("{9A19103F-16F7-4668-BE54-9A1E7A4F7556}") = "1", "Task4\1.csproj", "{2F5C8985-DF47-4472-BAB6-D6984189CA81}"
EndProject
Project("{9A19103F-16F7-4668-BE54-9A1E7A4F7556}") = "Task5", "Task5\Task5.csproj", "{1DA869D4-851A-4061-A98A-5DD57FA999C8}"
EndProject
Global
	GlobalSection(SolutionConfigurationPlatforms) = preSolution
		Debug|Any CPU = Debug|Any CPU
		Release|Any CPU = Release|Any CPU
	EndGlobalSection
	GlobalSection(ProjectConfigurationPlatforms) = postSolution
		{239A5C06-FE69-4B9D-AAB3-F31CC3FB084B}.Debug|Any CPU.ActiveCfg = Debug|Any CPU
		{239A5C06-FE69-4B9D-AAB3-F31CC3FB084B}.Debug|Any CPU.Build.0 = Debug|Any CPU
		{239A5C06-FE69-4B9D-AAB3-F31CC3FB084B}.Release|Any CPU.ActiveCfg = Release|Any CPU
		{239A5C06-FE69-4B9D-AAB3-F31CC3FB084B}.Release|Any CPU.Build.0 = Release|Any CPU
		{F63F4AFC-DAA0-4A8B-A577-70C934EF4EF5}.Debug|Any CPU.ActiveCfg = Debug|Any CPU
		{F63F4AFC-DAA0-4A8B-A577-70C934EF4EF5}.Debug|Any CPU.Build.0 = Debug|Any CPU
		{F63F4AFC-DAA0-4A8B-A577-70C934EF4EF5}.Release|Any CPU.ActiveCfg = Release|Any CPU
		{F63F4AFC-DAA0-4A8B-A577-70C934EF4EF5}.Release|Any CPU.Build.0 = Release|Any CPU
		{52C57E5D-7E2A-42F5-8133-AFA855EDA947}.Debug|Any CPU.ActiveCfg = Debug|Any CPU
		{52C57E5D-7E2A-42F5-8133-AFA855EDA947}.Debug|Any CPU.Build.0 = Debug|Any CPU
		{52C57E5D-7E2A-42F5-8133-AFA855EDA947}.Release|Any CPU.ActiveCfg = Release|Any CPU
		{52C57E5D-7E2A-42F5-8133-AFA855EDA947}.Release|Any CPU.Build.0 = Release|Any CPU
		{2F5C8985-DF47-4472-BAB6-D6984189CA81}.Debug|Any CPU.ActiveCfg = Debug|Any CPU
		{2F5C8985-DF47-4472-BAB6-D6984189CA81}.Debug|Any CPU.Build.0 = Debug|Any CPU
		{2F5C8985-DF47-4472-BAB6-D6984189CA81}.Release|Any CPU.ActiveCfg = Release|Any CPU
		{2F5C8985-DF47-4472-BAB6-D6984189CA81}.Release|Any CPU.Build.0 = Release|Any CPU
		{1DA869D4-851A-4061-A98A-5DD57FA999C8}.Debug|Any CPU.ActiveCfg = Debug|Any CPU
		{1DA869D4-851A-4061-A98A-5DD57FA999C8}.Debug|Any CPU.Build.0 = Debug|Any CPU
		{1DA869D4-851A-4061-A98A-5DD57FA999C8}.Release|Any CPU.ActiveCfg = Release|Any CPU
		{1DA869D4-851A-4061-A98A-5DD57FA999C8}.Release|Any CPU.Build.0 = Release|Any CPU
	EndGlobalSection
	GlobalSection(SolutionProperties) = preSolution
		HideSolutionNode = FALSE
	EndGlobalSection
	GlobalSection(ExtensibilityGlobals) = postSolution
		SolutionGuid = {2E11581D-1A3D-4050-96EE-CA15A1EAC5A0}
	EndGlobalSection
EndGlobal
